
Microsoft Visual Studio Solution File, Format Version 12.00
# Visual Studio 14
VisualStudioVersion = 14.0.25420.1
MinimumVisualStudioVersion = 10.0.40219.1
Project("{FAE04EC0-301F-11D3-BF4B-00C04F79EFBC}") = "TableRenderer", "TableRenderer\TableRenderer.csproj", "{29358056-89DE-42F7-91EA-5D747BB47AF0}"
EndProject
Project("{FAE04EC0-301F-11D3-BF4B-00C04F79EFBC}") = "TableRenderer.Tests", "TableRenderer.Tests\TableRenderer.Tests.csproj", "{BA389486-67E0-4CCB-A40F-9087A7A81944}"
EndProject
Global
	GlobalSection(SolutionConfigurationPlatforms) = preSolution
		Debug|Any CPU = Debug|Any CPU
		Release|Any CPU = Release|Any CPU
	EndGlobalSection
	GlobalSection(ProjectConfigurationPlatforms) = postSolution
		{29358056-89DE-42F7-91EA-5D747BB47AF0}.Debug|Any CPU.ActiveCfg = Debug|Any CPU
		{29358056-89DE-42F7-91EA-5D747BB47AF0}.Debug|Any CPU.Build.0 = Debug|Any CPU
		{29358056-89DE-42F7-91EA-5D747BB47AF0}.Release|Any CPU.ActiveCfg = Release|Any CPU
		{29358056-89DE-42F7-91EA-5D747BB47AF0}.Release|Any CPU.Build.0 = Release|Any CPU
		{BA389486-67E0-4CCB-A40F-9087A7A81944}.Debug|Any CPU.ActiveCfg = Debug|Any CPU
		{BA389486-67E0-4CCB-A40F-9087A7A81944}.Debug|Any CPU.Build.0 = Debug|Any CPU
		{BA389486-67E0-4CCB-A40F-9087A7A81944}.Release|Any CPU.ActiveCfg = Release|Any CPU
		{BA389486-67E0-4CCB-A40F-9087A7A81944}.Release|Any CPU.Build.0 = Release|Any CPU
	EndGlobalSection
	GlobalSection(SolutionProperties) = preSolution
		HideSolutionNode = FALSE
	EndGlobalSection
EndGlobal
